// !$*UTF8*$!
{
	archiveVersion = 1;
	classes = {
	};
	objectVersion = 56;
	objects = {

/* Begin PBXBuildFile section */
		ECAD54F42A843F640024CD9C /* AboutApp.swift in Sources */ = {isa = PBXBuildFile; fileRef = ECAD54F32A843F640024CD9C /* AboutApp.swift */; };
		ECAD54F62A843F640024CD9C /* ContentView.swift in Sources */ = {isa = PBXBuildFile; fileRef = ECAD54F52A843F640024CD9C /* ContentView.swift */; };
		ECAD54F82A843F660024CD9C /* Assets.xcassets in Resources */ = {isa = PBXBuildFile; fileRef = ECAD54F72A843F660024CD9C /* Assets.xcassets */; };
		ECAD54FB2A843F660024CD9C /* Preview Assets.xcassets in Resources */ = {isa = PBXBuildFile; fileRef = ECAD54FA2A843F660024CD9C /* Preview Assets.xcassets */; };
		ECAD55032A84402D0024CD9C /* MohammadView.swift in Sources */ = {isa = PBXBuildFile; fileRef = ECAD55022A84402D0024CD9C /* MohammadView.swift */; };
		ECAD55052A8440580024CD9C /* OmarView.swift in Sources */ = {isa = PBXBuildFile; fileRef = ECAD55042A8440580024CD9C /* OmarView.swift */; };
		ECAD55072A84405E0024CD9C /* AnasView.swift in Sources */ = {isa = PBXBuildFile; fileRef = ECAD55062A84405E0024CD9C /* AnasView.swift */; };
		ECAD55092A8440620024CD9C /* SamiView.swift in Sources */ = {isa = PBXBuildFile; fileRef = ECAD55082A8440620024CD9C /* SamiView.swift */; };
/* End PBXBuildFile section */

/* Begin PBXFileReference section */
		ECAD54F02A843F640024CD9C /* About.app */ = {isa = PBXFileReference; explicitFileType = wrapper.application; includeInIndex = 0; path = About.app; sourceTree = BUILT_PRODUCTS_DIR; };
		ECAD54F32A843F640024CD9C /* AboutApp.swift */ = {isa = PBXFileReference; lastKnownFileType = sourcecode.swift; path = AboutApp.swift; sourceTree = "<group>"; };
		ECAD54F52A843F640024CD9C /* ContentView.swift */ = {isa = PBXFileReference; lastKnownFileType = sourcecode.swift; path = ContentView.swift; sourceTree = "<group>"; };
		ECAD54F72A843F660024CD9C /* Assets.xcassets */ = {isa = PBXFileReference; lastKnownFileType = folder.assetcatalog; path = Assets.xcassets; sourceTree = "<group>"; };
		ECAD54FA2A843F660024CD9C /* Preview Assets.xcassets */ = {isa = PBXFileReference; lastKnownFileType = folder.assetcatalog; path = "Preview Assets.xcassets"; sourceTree = "<group>"; };
		ECAD55022A84402D0024CD9C /* MohammadView.swift */ = {isa = PBXFileReference; lastKnownFileType = sourcecode.swift; path = MohammadView.swift; sourceTree = "<group>"; };
		ECAD55042A8440580024CD9C /* OmarView.swift */ = {isa = PBXFileReference; lastKnownFileType = sourcecode.swift; path = OmarView.swift; sourceTree = "<group>"; };
		ECAD55062A84405E0024CD9C /* AnasView.swift */ = {isa = PBXFileReference; lastKnownFileType = sourcecode.swift; path = AnasView.swift; sourceTree = "<group>"; };
		ECAD55082A8440620024CD9C /* SamiView.swift */ = {isa = PBXFileReference; lastKnownFileType = sourcecode.swift; path = SamiView.swift; sourceTree = "<group>"; };
/* End PBXFileReference section */

/* Begin PBXFrameworksBuildPhase section */
		ECAD54ED2A843F640024CD9C /* Frameworks */ = {
			isa = PBXFrameworksBuildPhase;
			buildActionMask = 2147483647;
			files = (
			);
			runOnlyForDeploymentPostprocessing = 0;
		};
/* End PBXFrameworksBuildPhase section */

/* Begin PBXGroup section */
		ECAD54E72A843F640024CD9C = {
			isa = PBXGroup;
			children = (
				ECAD54F22A843F640024CD9C /* About */,
				ECAD54F12A843F640024CD9C /* Products */,
			);
			sourceTree = "<group>";
		};
		ECAD54F12A843F640024CD9C /* Products */ = {
			isa = PBXGroup;
			children = (
				ECAD54F02A843F640024CD9C /* About.app */,
			);
			name = Products;
			sourceTree = "<group>";
		};
		ECAD54F22A843F640024CD9C /* About */ = {
			isa = PBXGroup;
			children = (
				ECAD55012A843F750024CD9C /* Views */,
				ECAD54F32A843F640024CD9C /* AboutApp.swift */,
				ECAD54F52A843F640024CD9C /* ContentView.swift */,
				ECAD54F72A843F660024CD9C /* Assets.xcassets */,
				ECAD54F92A843F660024CD9C /* Preview Content */,
			);
			path = About;
			sourceTree = "<group>";
		};
		ECAD54F92A843F660024CD9C /* Preview Content */ = {
			isa = PBXGroup;
			children = (
				ECAD54FA2A843F660024CD9C /* Preview Assets.xcassets */,
			);
			path = "Preview Content";
			sourceTree = "<group>";
		};
		ECAD55012A843F750024CD9C /* Views */ = {
			isa = PBXGroup;
			children = (
				ECAD55022A84402D0024CD9C /* MohammadView.swift */,
				ECAD55042A8440580024CD9C /* OmarView.swift */,
				ECAD55062A84405E0024CD9C /* AnasView.swift */,
				ECAD55082A8440620024CD9C /* SamiView.swift */,
			);
			path = Views;
			sourceTree = "<group>";
		};
/* End PBXGroup section */

/* Begin PBXNativeTarget section */
		ECAD54EF2A843F640024CD9C /* About */ = {
			isa = PBXNativeTarget;
			buildConfigurationList = ECAD54FE2A843F660024CD9C /* Build configuration list for PBXNativeTarget "About" */;
			buildPhases = (
				ECAD54EC2A843F640024CD9C /* Sources */,
				ECAD54ED2A843F640024CD9C /* Frameworks */,
				ECAD54EE2A843F640024CD9C /* Resources */,
			);
			buildRules = (
			);
			dependencies = (
			);
			name = About;
			productName = About;
			productReference = ECAD54F02A843F640024CD9C /* About.app */;
			productType = "com.apple.product-type.application";
		};
/* End PBXNativeTarget section */

/* Begin PBXProject section */
		ECAD54E82A843F640024CD9C /* Project object */ = {
			isa = PBXProject;
			attributes = {
				BuildIndependentTargetsInParallel = 1;
				LastSwiftUpdateCheck = 1430;
				LastUpgradeCheck = 1430;
				TargetAttributes = {
					ECAD54EF2A843F640024CD9C = {
						CreatedOnToolsVersion = 14.3.1;
					};
				};
			};
			buildConfigurationList = ECAD54EB2A843F640024CD9C /* Build configuration list for PBXProject "About" */;
			compatibilityVersion = "Xcode 14.0";
			developmentRegion = en;
			hasScannedForEncodings = 0;
			knownRegions = (
				en,
				Base,
			);
			mainGroup = ECAD54E72A843F640024CD9C;
			productRefGroup = ECAD54F12A843F640024CD9C /* Products */;
			projectDirPath = "";
			projectRoot = "";
			targets = (
				ECAD54EF2A843F640024CD9C /* About */,
			);
		};
/* End PBXProject section */

/* Begin PBXResourcesBuildPhase section */
		ECAD54EE2A843F640024CD9C /* Resources */ = {
			isa = PBXResourcesBuildPhase;
			buildActionMask = 2147483647;
			files = (
				ECAD54FB2A843F660024CD9C /* Preview Assets.xcassets in Resources */,
				ECAD54F82A843F660024CD9C /* Assets.xcassets in Resources */,
			);
			runOnlyForDeploymentPostprocessing = 0;
		};
/* End PBXResourcesBuildPhase section */

/* Begin PBXSourcesBuildPhase section */
		ECAD54EC2A843F640024CD9C /* Sources */ = {
			isa = PBXSourcesBuildPhase;
			buildActionMask = 2147483647;
			files = (
				ECAD55092A8440620024CD9C /* SamiView.swift in Sources */,
				ECAD55072A84405E0024CD9C /* AnasView.swift in Sources */,
				ECAD54F62A843F640024CD9C /* ContentView.swift in Sources */,
				ECAD55032A84402D0024CD9C /* MohammadView.swift in Sources */,
				ECAD54F42A843F640024CD9C /* AboutApp.swift in Sources */,
				ECAD55052A8440580024CD9C /* OmarView.swift in Sources */,
			);
			runOnlyForDeploymentPostprocessing = 0;
		};
/* End PBXSourcesBuildPhase section */

/* Begin XCBuildConfiguration section */
		ECAD54FC2A843F660024CD9C /* Debug */ = {
			isa = XCBuildConfiguration;
			buildSettings = {
				ALWAYS_SEARCH_USER_PATHS = NO;
				CLANG_ANALYZER_NONNULL = YES;
				CLANG_ANALYZER_NUMBER_OBJECT_CONVERSION = YES_AGGRESSIVE;
				CLANG_CXX_LANGUAGE_STANDARD = "gnu++20";
				CLANG_ENABLE_MODULES = YES;
				CLANG_ENABLE_OBJC_ARC = YES;
				CLANG_ENABLE_OBJC_WEAK = YES;
				CLANG_WARN_BLOCK_CAPTURE_AUTORELEASING = YES;
				CLANG_WARN_BOOL_CONVERSION = YES;
				CLANG_WARN_COMMA = YES;
				CLANG_WARN_CONSTANT_CONVERSION = YES;
				CLANG_WARN_DEPRECATED_OBJC_IMPLEMENTATIONS = YES;
				CLANG_WARN_DIRECT_OBJC_ISA_USAGE = YES_ERROR;
				CLANG_WARN_DOCUMENTATION_COMMENTS = YES;
				CLANG_WARN_EMPTY_BODY = YES;
				CLANG_WARN_ENUM_CONVERSION = YES;
				CLANG_WARN_INFINITE_RECURSION = YES;
				CLANG_WARN_INT_CONVERSION = YES;
				CLANG_WARN_NON_LITERAL_NULL_CONVERSION = YES;
				CLANG_WARN_OBJC_IMPLICIT_RETAIN_SELF = YES;
				CLANG_WARN_OBJC_LITERAL_CONVERSION = YES;
				CLANG_WARN_OBJC_ROOT_CLASS = YES_ERROR;
				CLANG_WARN_QUOTED_INCLUDE_IN_FRAMEWORK_HEADER = YES;
				CLANG_WARN_RANGE_LOOP_ANALYSIS = YES;
				CLANG_WARN_STRICT_PROTOTYPES = YES;
				CLANG_WARN_SUSPICIOUS_MOVE = YES;
				CLANG_WARN_UNGUARDED_AVAILABILITY = YES_AGGRESSIVE;
				CLANG_WARN_UNREACHABLE_CODE = YES;
				CLANG_WARN__DUPLICATE_METHOD_MATCH = YES;
				COPY_PHASE_STRIP = NO;
				DEBUG_INFORMATION_FORMAT = dwarf;
				ENABLE_STRICT_OBJC_MSGSEND = YES;
				ENABLE_TESTABILITY = YES;
				GCC_C_LANGUAGE_STANDARD = gnu11;
				GCC_DYNAMIC_NO_PIC = NO;
				GCC_NO_COMMON_BLOCKS = YES;
				GCC_OPTIMIZATION_LEVEL = 0;
				GCC_PREPROCESSOR_DEFINITIONS = (
					"DEBUG=1",
					"$(inherited)",
				);
				GCC_WARN_64_TO_32_BIT_CONVERSION = YES;
				GCC_WARN_ABOUT_RETURN_TYPE = YES_ERROR;
				GCC_WARN_UNDECLARED_SELECTOR = YES;
				GCC_WARN_UNINITIALIZED_AUTOS = YES_AGGRESSIVE;
				GCC_WARN_UNUSED_FUNCTION = YES;
				GCC_WARN_UNUSED_VARIABLE = YES;
				IPHONEOS_DEPLOYMENT_TARGET = 16.4;
				MTL_ENABLE_DEBUG_INFO = INCLUDE_SOURCE;
				MTL_FAST_MATH = YES;
				ONLY_ACTIVE_ARCH = YES;
				SDKROOT = iphoneos;
				SWIFT_ACTIVE_COMPILATION_CONDITIONS = DEBUG;
				SWIFT_OPTIMIZATION_LEVEL = "-Onone";
			};
			name = Debug;
		};
		ECAD54FD2A843F660024CD9C /* Release */ = {
			isa = XCBuildConfiguration;
			buildSettings = {
				ALWAYS_SEARCH_USER_PATHS = NO;
				CLANG_ANALYZER_NONNULL = YES;
				CLANG_ANALYZER_NUMBER_OBJECT_CONVERSION = YES_AGGRESSIVE;
				CLANG_CXX_LANGUAGE_STANDARD = "gnu++20";
				CLANG_ENABLE_MODULES = YES;
				CLANG_ENABLE_OBJC_ARC = YES;
				CLANG_ENABLE_OBJC_WEAK = YES;
				CLANG_WARN_BLOCK_CAPTURE_AUTORELEASING = YES;
				CLANG_WARN_BOOL_CONVERSION = YES;
				CLANG_WARN_COMMA = YES;
				CLANG_WARN_CONSTANT_CONVERSION = YES;
				CLANG_WARN_DEPRECATED_OBJC_IMPLEMENTATIONS = YES;
				CLANG_WARN_DIRECT_OBJC_ISA_USAGE = YES_ERROR;
				CLANG_WARN_DOCUMENTATION_COMMENTS = YES;
				CLANG_WARN_EMPTY_BODY = YES;
				CLANG_WARN_ENUM_CONVERSION = YES;
				CLANG_WARN_INFINITE_RECURSION = YES;
				CLANG_WARN_INT_CONVERSION = YES;
				CLANG_WARN_NON_LITERAL_NULL_CONVERSION = YES;
				CLANG_WARN_OBJC_IMPLICIT_RETAIN_SELF = YES;
				CLANG_WARN_OBJC_LITERAL_CONVERSION = YES;
				CLANG_WARN_OBJC_ROOT_CLASS = YES_ERROR;
				CLANG_WARN_QUOTED_INCLUDE_IN_FRAMEWORK_HEADER = YES;
				CLANG_WARN_RANGE_LOOP_ANALYSIS = YES;
				CLANG_WARN_STRICT_PROTOTYPES = YES;
				CLANG_WARN_SUSPICIOUS_MOVE = YES;
				CLANG_WARN_UNGUARDED_AVAILABILITY = YES_AGGRESSIVE;
				CLANG_WARN_UNREACHABLE_CODE = YES;
				CLANG_WARN__DUPLICATE_METHOD_MATCH = YES;
				COPY_PHASE_STRIP = NO;
				DEBUG_INFORMATION_FORMAT = "dwarf-with-dsym";
				ENABLE_NS_ASSERTIONS = NO;
				ENABLE_STRICT_OBJC_MSGSEND = YES;
				GCC_C_LANGUAGE_STANDARD = gnu11;
				GCC_NO_COMMON_BLOCKS = YES;
				GCC_WARN_64_TO_32_BIT_CONVERSION = YES;
				GCC_WARN_ABOUT_RETURN_TYPE = YES_ERROR;
				GCC_WARN_UNDECLARED_SELECTOR = YES;
				GCC_WARN_UNINITIALIZED_AUTOS = YES_AGGRESSIVE;
				GCC_WARN_UNUSED_FUNCTION = YES;
				GCC_WARN_UNUSED_VARIABLE = YES;
				IPHONEOS_DEPLOYMENT_TARGET = 16.4;
				MTL_ENABLE_DEBUG_INFO = NO;
				MTL_FAST_MATH = YES;
				SDKROOT = iphoneos;
				SWIFT_COMPILATION_MODE = wholemodule;
				SWIFT_OPTIMIZATION_LEVEL = "-O";
				VALIDATE_PRODUCT = YES;
			};
			name = Release;
		};
		ECAD54FF2A843F660024CD9C /* Debug */ = {
			isa = XCBuildConfiguration;
			buildSettings = {
				ASSETCATALOG_COMPILER_APPICON_NAME = AppIcon;
				ASSETCATALOG_COMPILER_GLOBAL_ACCENT_COLOR_NAME = AccentColor;
				CODE_SIGN_STYLE = Automatic;
				CURRENT_PROJECT_VERSION = 1;
				DEVELOPMENT_ASSET_PATHS = "\"About/Preview Content\"";
				ENABLE_PREVIEWS = YES;
				GENERATE_INFOPLIST_FILE = YES;
				INFOPLIST_KEY_UIApplicationSceneManifest_Generation = YES;
				INFOPLIST_KEY_UIApplicationSupportsIndirectInputEvents = YES;
				INFOPLIST_KEY_UILaunchScreen_Generation = YES;
				INFOPLIST_KEY_UISupportedInterfaceOrientations_iPad = "UIInterfaceOrientationPortrait UIInterfaceOrientationPortraitUpsideDown UIInterfaceOrientationLandscapeLeft UIInterfaceOrientationLandscapeRight";
				INFOPLIST_KEY_UISupportedInterfaceOrientations_iPhone = "UIInterfaceOrientationPortrait UIInterfaceOrientationLandscapeLeft UIInterfaceOrientationLandscapeRight";
				LD_RUNPATH_SEARCH_PATHS = (
					"$(inherited)",
					"@executable_path/Frameworks",
				);
				MARKETING_VERSION = 1.0;
				PRODUCT_BUNDLE_IDENTIFIER = com.hamoodihajjiri.About;
				PRODUCT_NAME = "$(TARGET_NAME)";
				SWIFT_EMIT_LOC_STRINGS = YES;
				SWIFT_VERSION = 5.0;
				TARGETED_DEVICE_FAMILY = "1,2";
			};
			name = Debug;
		};
		ECAD55002A843F660024CD9C /* Release */ = {
			isa = XCBuildConfiguration;
			buildSettings = {
				ASSETCATALOG_COMPILER_APPICON_NAME = AppIcon;
				ASSETCATALOG_COMPILER_GLOBAL_ACCENT_COLOR_NAME = AccentColor;
				CODE_SIGN_STYLE = Automatic;
				CURRENT_PROJECT_VERSION = 1;
				DEVELOPMENT_ASSET_PATHS = "\"About/Preview Content\"";
				ENABLE_PREVIEWS = YES;
				GENERATE_INFOPLIST_FILE = YES;
				INFOPLIST_KEY_UIApplicationSceneManifest_Generation = YES;
				INFOPLIST_KEY_UIApplicationSupportsIndirectInputEvents = YES;
				INFOPLIST_KEY_UILaunchScreen_Generation = YES;
				INFOPLIST_KEY_UISupportedInterfaceOrientations_iPad = "UIInterfaceOrientationPortrait UIInterfaceOrientationPortraitUpsideDown UIInterfaceOrientationLandscapeLeft UIInterfaceOrientationLandscapeRight";
				INFOPLIST_KEY_UISupportedInterfaceOrientations_iPhone = "UIInterfaceOrientationPortrait UIInterfaceOrientationLandscapeLeft UIInterfaceOrientationLandscapeRight";
				LD_RUNPATH_SEARCH_PATHS = (
					"$(inherited)",
					"@executable_path/Frameworks",
				);
				MARKETING_VERSION = 1.0;
				PRODUCT_BUNDLE_IDENTIFIER = com.hamoodihajjiri.About;
				PRODUCT_NAME = "$(TARGET_NAME)";
				SWIFT_EMIT_LOC_STRINGS = YES;
				SWIFT_VERSION = 5.0;
				TARGETED_DEVICE_FAMILY = "1,2";
			};
			name = Release;
		};
/* End XCBuildConfiguration section */

/* Begin XCConfigurationList section */
		ECAD54EB2A843F640024CD9C /* Build configuration list for PBXProject "About" */ = {
			isa = XCConfigurationList;
			buildConfigurations = (
				ECAD54FC2A843F660024CD9C /* Debug */,
				ECAD54FD2A843F660024CD9C /* Release */,
			);
			defaultConfigurationIsVisible = 0;
			defaultConfigurationName = Release;
		};
		ECAD54FE2A843F660024CD9C /* Build configuration list for PBXNativeTarget "About" */ = {
			isa = XCConfigurationList;
			buildConfigurations = (
				ECAD54FF2A843F660024CD9C /* Debug */,
				ECAD55002A843F660024CD9C /* Release */,
			);
			defaultConfigurationIsVisible = 0;
			defaultConfigurationName = Release;
		};
/* End XCConfigurationList section */
	};
	rootObject = ECAD54E82A843F640024CD9C /* Project object */;
}
